# Generated by buf. DO NOT EDIT.
version: v1
deps:
  - remote: buf.build
    owner: go-sdk
    repository: protoc-gen-validate
    commit: 49246dc23b1b4ba98e36c9ce8eb8fd0c
  - remote: buf.build
    owner: googleapis
    repository: googleapis
    commit: 80720a488c9a414bb8d4a9f811084989
  - remote: buf.build
    owner: unionai
    repository: protoc-gen-swagger
    commit: fd9d94dc48154d5c94ccc43695df150f
